
Microsoft Visual Studio Solution File, Format Version 12.00
# Visual Studio Version 17
VisualStudioVersion = 17.8.34309.116
MinimumVisualStudioVersion = 10.0.40219.1
Project("{9A19103F-16F7-4668-BE54-9A1E7A4F7556}") = "ProjetoJogueJunto", "ProjetoJogueJunto\ProjetoJogueJunto.csproj", "{58B00159-7513-4B55-B8ED-98EB3AFE910A}"
EndProject
Global
	GlobalSection(SolutionConfigurationPlatforms) = preSolution
		Debug|Any CPU = Debug|Any CPU
		Release|Any CPU = Release|Any CPU
	EndGlobalSection
	GlobalSection(ProjectConfigurationPlatforms) = postSolution
		{58B00159-7513-4B55-B8ED-98EB3AFE910A}.Debug|Any CPU.ActiveCfg = Debug|Any CPU
		{58B00159-7513-4B55-B8ED-98EB3AFE910A}.Debug|Any CPU.Build.0 = Debug|Any CPU
		{58B00159-7513-4B55-B8ED-98EB3AFE910A}.Release|Any CPU.ActiveCfg = Release|Any CPU
		{58B00159-7513-4B55-B8ED-98EB3AFE910A}.Release|Any CPU.Build.0 = Release|Any CPU
	EndGlobalSection
	GlobalSection(SolutionProperties) = preSolution
		HideSolutionNode = FALSE
	EndGlobalSection
	GlobalSection(ExtensibilityGlobals) = postSolution
		SolutionGuid = {BAD0939A-D2A4-47DE-A1DD-C9872BE4260B}
	EndGlobalSection
EndGlobal
